
Microsoft Visual Studio Solution File, Format Version 12.00
# Visual Studio Version 17
VisualStudioVersion = 17.4.33110.190
MinimumVisualStudioVersion = 10.0.40219.1
Project("{FAE04EC0-301F-11D3-BF4B-00C04F79EFBC}") = "ACM.BL", "ACM.BL\ACM.BL.csproj", "{2C3BC3E9-CBF2-4774-8EB8-819769158677}"
EndProject
Project("{2150E333-8FDC-42A3-9474-1A3956D46DE8}") = "Tests", "Tests", "{8D897158-C032-42CD-A0D5-AD3B43A84193}"
EndProject
Project("{FAE04EC0-301F-11D3-BF4B-00C04F79EFBC}") = "ACM.BLTest", "Tests\ACM.BLTest\ACM.BLTest.csproj", "{C3B70C6B-5E92-4BB2-9208-47F2EAAB242D}"
EndProject
Project("{FAE04EC0-301F-11D3-BF4B-00C04F79EFBC}") = "ACME.Common", "ACME.Common\ACME.Common.csproj", "{45BE90C7-95AD-406A-9C19-7596E5277BF9}"
EndProject
Project("{FAE04EC0-301F-11D3-BF4B-00C04F79EFBC}") = "Acme.CommonTest", "Tests\Acme.CommonTest\Acme.CommonTest.csproj", "{9C362F54-325C-4BF2-8B88-026AC8B4BCD1}"
EndProject
Global
	GlobalSection(SolutionConfigurationPlatforms) = preSolution
		Debug|Any CPU = Debug|Any CPU
		Release|Any CPU = Release|Any CPU
	EndGlobalSection
	GlobalSection(ProjectConfigurationPlatforms) = postSolution
		{2C3BC3E9-CBF2-4774-8EB8-819769158677}.Debug|Any CPU.ActiveCfg = Debug|Any CPU
		{2C3BC3E9-CBF2-4774-8EB8-819769158677}.Debug|Any CPU.Build.0 = Debug|Any CPU
		{2C3BC3E9-CBF2-4774-8EB8-819769158677}.Release|Any CPU.ActiveCfg = Release|Any CPU
		{2C3BC3E9-CBF2-4774-8EB8-819769158677}.Release|Any CPU.Build.0 = Release|Any CPU
		{C3B70C6B-5E92-4BB2-9208-47F2EAAB242D}.Debug|Any CPU.ActiveCfg = Debug|Any CPU
		{C3B70C6B-5E92-4BB2-9208-47F2EAAB242D}.Debug|Any CPU.Build.0 = Debug|Any CPU
		{C3B70C6B-5E92-4BB2-9208-47F2EAAB242D}.Release|Any CPU.ActiveCfg = Release|Any CPU
		{C3B70C6B-5E92-4BB2-9208-47F2EAAB242D}.Release|Any CPU.Build.0 = Release|Any CPU
		{45BE90C7-95AD-406A-9C19-7596E5277BF9}.Debug|Any CPU.ActiveCfg = Debug|Any CPU
		{45BE90C7-95AD-406A-9C19-7596E5277BF9}.Debug|Any CPU.Build.0 = Debug|Any CPU
		{45BE90C7-95AD-406A-9C19-7596E5277BF9}.Release|Any CPU.ActiveCfg = Release|Any CPU
		{45BE90C7-95AD-406A-9C19-7596E5277BF9}.Release|Any CPU.Build.0 = Release|Any CPU
		{9C362F54-325C-4BF2-8B88-026AC8B4BCD1}.Debug|Any CPU.ActiveCfg = Debug|Any CPU
		{9C362F54-325C-4BF2-8B88-026AC8B4BCD1}.Debug|Any CPU.Build.0 = Debug|Any CPU
		{9C362F54-325C-4BF2-8B88-026AC8B4BCD1}.Release|Any CPU.ActiveCfg = Release|Any CPU
		{9C362F54-325C-4BF2-8B88-026AC8B4BCD1}.Release|Any CPU.Build.0 = Release|Any CPU
	EndGlobalSection
	GlobalSection(SolutionProperties) = preSolution
		HideSolutionNode = FALSE
	EndGlobalSection
	GlobalSection(NestedProjects) = preSolution
		{C3B70C6B-5E92-4BB2-9208-47F2EAAB242D} = {8D897158-C032-42CD-A0D5-AD3B43A84193}
		{9C362F54-325C-4BF2-8B88-026AC8B4BCD1} = {8D897158-C032-42CD-A0D5-AD3B43A84193}
	EndGlobalSection
	GlobalSection(ExtensibilityGlobals) = postSolution
		SolutionGuid = {CB0A9D90-2610-41F8-A679-20050376D33D}
	EndGlobalSection
EndGlobal
